// !$*UTF8*$!
{
	archiveVersion = 1;
	classes = {
	};
	objectVersion = 46;
	objects = {

/* Begin PBXBuildFile section */
		B3EE26B11940000500964808 /* Cocoa.framework in Frameworks */ = {isa = PBXBuildFile; fileRef = B3EE26B01940000500964808 /* Cocoa.framework */; };
		B3EE26BB1940000500964808 /* InfoPlist.strings in Resources */ = {isa = PBXBuildFile; fileRef = B3EE26B91940000500964808 /* InfoPlist.strings */; };
		B3EE26BD1940000500964808 /* main.m in Sources */ = {isa = PBXBuildFile; fileRef = B3EE26BC1940000500964808 /* main.m */; };
		B3EE26C11940000500964808 /* Credits.rtf in Resources */ = {isa = PBXBuildFile; fileRef = B3EE26BF1940000500964808 /* Credits.rtf */; };
		B3EE26C41940000500964808 /* AppDelegate.m in Sources */ = {isa = PBXBuildFile; fileRef = B3EE26C31940000500964808 /* AppDelegate.m */; };
		B3EE26C71940000500964808 /* MainMenu.xib in Resources */ = {isa = PBXBuildFile; fileRef = B3EE26C51940000500964808 /* MainMenu.xib */; };
		B3EE26C91940000500964808 /* Images.xcassets in Resources */ = {isa = PBXBuildFile; fileRef = B3EE26C81940000500964808 /* Images.xcassets */; };
		B3EE26D01940000500964808 /* XCTest.framework in Frameworks */ = {isa = PBXBuildFile; fileRef = B3EE26CF1940000500964808 /* XCTest.framework */; };
		B3EE26D11940000500964808 /* Cocoa.framework in Frameworks */ = {isa = PBXBuildFile; fileRef = B3EE26B01940000500964808 /* Cocoa.framework */; };
		B3EE26D91940000500964808 /* InfoPlist.strings in Resources */ = {isa = PBXBuildFile; fileRef = B3EE26D71940000500964808 /* InfoPlist.strings */; };
		B3EE26DB1940000500964808 /* ExampleMacAppTests.m in Sources */ = {isa = PBXBuildFile; fileRef = B3EE26DA1940000500964808 /* ExampleMacAppTests.m */; };
/* End PBXBuildFile section */

/* Begin PBXContainerItemProxy section */
		B3EE26D21940000500964808 /* PBXContainerItemProxy */ = {
			isa = PBXContainerItemProxy;
			containerPortal = B3EE26A51940000500964808 /* Project object */;
			proxyType = 1;
			remoteGlobalIDString = B3EE26AC1940000500964808;
			remoteInfo = ExampleMacApp;
		};
/* End PBXContainerItemProxy section */

/* Begin PBXFileReference section */
		B3EE26AD1940000500964808 /* ExampleMacApp.app */ = {isa = PBXFileReference; explicitFileType = wrapper.application; includeInIndex = 0; path = ExampleMacApp.app; sourceTree = BUILT_PRODUCTS_DIR; };
		B3EE26B01940000500964808 /* Cocoa.framework */ = {isa = PBXFileReference; lastKnownFileType = wrapper.framework; name = Cocoa.framework; path = System/Library/Frameworks/Cocoa.framework; sourceTree = SDKROOT; };
		B3EE26B31940000500964808 /* AppKit.framework */ = {isa = PBXFileReference; lastKnownFileType = wrapper.framework; name = AppKit.framework; path = System/Library/Frameworks/AppKit.framework; sourceTree = SDKROOT; };
		B3EE26B41940000500964808 /* CoreData.framework */ = {isa = PBXFileReference; lastKnownFileType = wrapper.framework; name = CoreData.framework; path = System/Library/Frameworks/CoreData.framework; sourceTree = SDKROOT; };
		B3EE26B51940000500964808 /* Foundation.framework */ = {isa = PBXFileReference; lastKnownFileType = wrapper.framework; name = Foundation.framework; path = System/Library/Frameworks/Foundation.framework; sourceTree = SDKROOT; };
		B3EE26B81940000500964808 /* ExampleMacApp-Info.plist */ = {isa = PBXFileReference; lastKnownFileType = text.plist.xml; path = "ExampleMacApp-Info.plist"; sourceTree = "<group>"; };
		B3EE26BA1940000500964808 /* en */ = {isa = PBXFileReference; lastKnownFileType = text.plist.strings; name = en; path = en.lproj/InfoPlist.strings; sourceTree = "<group>"; };
		B3EE26BC1940000500964808 /* main.m */ = {isa = PBXFileReference; lastKnownFileType = sourcecode.c.objc; path = main.m; sourceTree = "<group>"; };
		B3EE26BE1940000500964808 /* ExampleMacApp-Prefix.pch */ = {isa = PBXFileReference; lastKnownFileType = sourcecode.c.h; path = "ExampleMacApp-Prefix.pch"; sourceTree = "<group>"; };
		B3EE26C01940000500964808 /* en */ = {isa = PBXFileReference; lastKnownFileType = text.rtf; name = en; path = en.lproj/Credits.rtf; sourceTree = "<group>"; };
		B3EE26C21940000500964808 /* AppDelegate.h */ = {isa = PBXFileReference; lastKnownFileType = sourcecode.c.h; path = AppDelegate.h; sourceTree = "<group>"; };
		B3EE26C31940000500964808 /* AppDelegate.m */ = {isa = PBXFileReference; lastKnownFileType = sourcecode.c.objc; path = AppDelegate.m; sourceTree = "<group>"; };
		B3EE26C61940000500964808 /* Base */ = {isa = PBXFileReference; lastKnownFileType = file.xib; name = Base; path = Base.lproj/MainMenu.xib; sourceTree = "<group>"; };
		B3EE26C81940000500964808 /* Images.xcassets */ = {isa = PBXFileReference; lastKnownFileType = folder.assetcatalog; path = Images.xcassets; sourceTree = "<group>"; };
		B3EE26CE1940000500964808 /* ExampleMacAppTests.xctest */ = {isa = PBXFileReference; explicitFileType = wrapper.cfbundle; includeInIndex = 0; path = ExampleMacAppTests.xctest; sourceTree = BUILT_PRODUCTS_DIR; };
		B3EE26CF1940000500964808 /* XCTest.framework */ = {isa = PBXFileReference; lastKnownFileType = wrapper.framework; name = XCTest.framework; path = Library/Frameworks/XCTest.framework; sourceTree = DEVELOPER_DIR; };
		B3EE26D61940000500964808 /* ExampleMacAppTests-Info.plist */ = {isa = PBXFileReference; lastKnownFileType = text.plist.xml; path = "ExampleMacAppTests-Info.plist"; sourceTree = "<group>"; };
		B3EE26D81940000500964808 /* en */ = {isa = PBXFileReference; lastKnownFileType = text.plist.strings; name = en; path = en.lproj/InfoPlist.strings; sourceTree = "<group>"; };
		B3EE26DA1940000500964808 /* ExampleMacAppTests.m */ = {isa = PBXFileReference; lastKnownFileType = sourcecode.c.objc; path = ExampleMacAppTests.m; sourceTree = "<group>"; };
/* End PBXFileReference section */

/* Begin PBXFrameworksBuildPhase section */
		B3EE26AA1940000500964808 /* Frameworks */ = {
			isa = PBXFrameworksBuildPhase;
			buildActionMask = 2147483647;
			files = (
				B3EE26B11940000500964808 /* Cocoa.framework in Frameworks */,
			);
			runOnlyForDeploymentPostprocessing = 0;
		};
		B3EE26CB1940000500964808 /* Frameworks */ = {
			isa = PBXFrameworksBuildPhase;
			buildActionMask = 2147483647;
			files = (
				B3EE26D11940000500964808 /* Cocoa.framework in Frameworks */,
				B3EE26D01940000500964808 /* XCTest.framework in Frameworks */,
			);
			runOnlyForDeploymentPostprocessing = 0;
		};
/* End PBXFrameworksBuildPhase section */

/* Begin PBXGroup section */
		B3EE26A41940000500964808 = {
			isa = PBXGroup;
			children = (
				B3EE26B61940000500964808 /* ExampleMacApp */,
				B3EE26D41940000500964808 /* ExampleMacAppTests */,
				B3EE26AF1940000500964808 /* Frameworks */,
				B3EE26AE1940000500964808 /* Products */,
			);
			sourceTree = "<group>";
		};
		B3EE26AE1940000500964808 /* Products */ = {
			isa = PBXGroup;
			children = (
				B3EE26AD1940000500964808 /* ExampleMacApp.app */,
				B3EE26CE1940000500964808 /* ExampleMacAppTests.xctest */,
			);
			name = Products;
			sourceTree = "<group>";
		};
		B3EE26AF1940000500964808 /* Frameworks */ = {
			isa = PBXGroup;
			children = (
				B3EE26B01940000500964808 /* Cocoa.framework */,
				B3EE26CF1940000500964808 /* XCTest.framework */,
				B3EE26B21940000500964808 /* Other Frameworks */,
			);
			name = Frameworks;
			sourceTree = "<group>";
		};
		B3EE26B21940000500964808 /* Other Frameworks */ = {
			isa = PBXGroup;
			children = (
				B3EE26B31940000500964808 /* AppKit.framework */,
				B3EE26B41940000500964808 /* CoreData.framework */,
				B3EE26B51940000500964808 /* Foundation.framework */,
			);
			name = "Other Frameworks";
			sourceTree = "<group>";
		};
		B3EE26B61940000500964808 /* ExampleMacApp */ = {
			isa = PBXGroup;
			children = (
				B3EE26C21940000500964808 /* AppDelegate.h */,
				B3EE26C31940000500964808 /* AppDelegate.m */,
				B3EE26C51940000500964808 /* MainMenu.xib */,
				B3EE26C81940000500964808 /* Images.xcassets */,
				B3EE26B71940000500964808 /* Supporting Files */,
			);
			path = ExampleMacApp;
			sourceTree = "<group>";
		};
		B3EE26B71940000500964808 /* Supporting Files */ = {
			isa = PBXGroup;
			children = (
				B3EE26B81940000500964808 /* ExampleMacApp-Info.plist */,
				B3EE26B91940000500964808 /* InfoPlist.strings */,
				B3EE26BC1940000500964808 /* main.m */,
				B3EE26BE1940000500964808 /* ExampleMacApp-Prefix.pch */,
				B3EE26BF1940000500964808 /* Credits.rtf */,
			);
			name = "Supporting Files";
			sourceTree = "<group>";
		};
		B3EE26D41940000500964808 /* ExampleMacAppTests */ = {
			isa = PBXGroup;
			children = (
				B3EE26DA1940000500964808 /* ExampleMacAppTests.m */,
				B3EE26D51940000500964808 /* Supporting Files */,
			);
			path = ExampleMacAppTests;
			sourceTree = "<group>";
		};
		B3EE26D51940000500964808 /* Supporting Files */ = {
			isa = PBXGroup;
			children = (
				B3EE26D61940000500964808 /* ExampleMacAppTests-Info.plist */,
				B3EE26D71940000500964808 /* InfoPlist.strings */,
			);
			name = "Supporting Files";
			sourceTree = "<group>";
		};
/* End PBXGroup section */

/* Begin PBXNativeTarget section */
		B3EE26AC1940000500964808 /* ExampleMacApp */ = {
			isa = PBXNativeTarget;
			buildConfigurationList = B3EE26DE1940000500964808 /* Build configuration list for PBXNativeTarget "ExampleMacApp" */;
			buildPhases = (
				B3EE26A91940000500964808 /* Sources */,
				B3EE26AA1940000500964808 /* Frameworks */,
				B3EE26AB1940000500964808 /* Resources */,
			);
			buildRules = (
			);
			dependencies = (
			);
			name = ExampleMacApp;
			productName = ExampleMacApp;
			productReference = B3EE26AD1940000500964808 /* ExampleMacApp.app */;
			productType = "com.apple.product-type.application";
		};
		B3EE26CD1940000500964808 /* ExampleMacAppTests */ = {
			isa = PBXNativeTarget;
			buildConfigurationList = B3EE26E11940000500964808 /* Build configuration list for PBXNativeTarget "ExampleMacAppTests" */;
			buildPhases = (
				B3EE26CA1940000500964808 /* Sources */,
				B3EE26CB1940000500964808 /* Frameworks */,
				B3EE26CC1940000500964808 /* Resources */,
			);
			buildRules = (
			);
			dependencies = (
				B3EE26D31940000500964808 /* PBXTargetDependency */,
			);
			name = ExampleMacAppTests;
			productName = ExampleMacAppTests;
			productReference = B3EE26CE1940000500964808 /* ExampleMacAppTests.xctest */;
			productType = "com.apple.product-type.bundle.unit-test";
		};
/* End PBXNativeTarget section */

/* Begin PBXProject section */
		B3EE26A51940000500964808 /* Project object */ = {
			isa = PBXProject;
			attributes = {
				LastUpgradeCheck = 0510;
				ORGANIZATIONNAME = "Beckasaurus Productions";
				TargetAttributes = {
					B3EE26CD1940000500964808 = {
						TestTargetID = B3EE26AC1940000500964808;
					};
				};
			};
			buildConfigurationList = B3EE26A81940000500964808 /* Build configuration list for PBXProject "ExampleMacApp" */;
			compatibilityVersion = "Xcode 3.2";
			developmentRegion = English;
			hasScannedForEncodings = 0;
			knownRegions = (
				en,
				Base,
			);
			mainGroup = B3EE26A41940000500964808;
			productRefGroup = B3EE26AE1940000500964808 /* Products */;
			projectDirPath = "";
			projectRoot = "";
			targets = (
				B3EE26AC1940000500964808 /* ExampleMacApp */,
				B3EE26CD1940000500964808 /* ExampleMacAppTests */,
			);
		};
/* End PBXProject section */

/* Begin PBXResourcesBuildPhase section */
		B3EE26AB1940000500964808 /* Resources */ = {
			isa = PBXResourcesBuildPhase;
			buildActionMask = 2147483647;
			files = (
				B3EE26BB1940000500964808 /* InfoPlist.strings in Resources */,
				B3EE26C91940000500964808 /* Images.xcassets in Resources */,
				B3EE26C11940000500964808 /* Credits.rtf in Resources */,
				B3EE26C71940000500964808 /* MainMenu.xib in Resources */,
			);
			runOnlyForDeploymentPostprocessing = 0;
		};
		B3EE26CC1940000500964808 /* Resources */ = {
			isa = PBXResourcesBuildPhase;
			buildActionMask = 2147483647;
			files = (
				B3EE26D91940000500964808 /* InfoPlist.strings in Resources */,
			);
			runOnlyForDeploymentPostprocessing = 0;
		};
/* End PBXResourcesBuildPhase section */

/* Begin PBXSourcesBuildPhase section */
		B3EE26A91940000500964808 /* Sources */ = {
			isa = PBXSourcesBuildPhase;
			buildActionMask = 2147483647;
			files = (
				B3EE26C41940000500964808 /* AppDelegate.m in Sources */,
				B3EE26BD1940000500964808 /* main.m in Sources */,
			);
			runOnlyForDeploymentPostprocessing = 0;
		};
		B3EE26CA1940000500964808 /* Sources */ = {
			isa = PBXSourcesBuildPhase;
			buildActionMask = 2147483647;
			files = (
				B3EE26DB1940000500964808 /* ExampleMacAppTests.m in Sources */,
			);
			runOnlyForDeploymentPostprocessing = 0;
		};
/* End PBXSourcesBuildPhase section */

/* Begin PBXTargetDependency section */
		B3EE26D31940000500964808 /* PBXTargetDependency */ = {
			isa = PBXTargetDependency;
			target = B3EE26AC1940000500964808 /* ExampleMacApp */;
			targetProxy = B3EE26D21940000500964808 /* PBXContainerItemProxy */;
		};
/* End PBXTargetDependency section */

/* Begin PBXVariantGroup section */
		B3EE26B91940000500964808 /* InfoPlist.strings */ = {
			isa = PBXVariantGroup;
			children = (
				B3EE26BA1940000500964808 /* en */,
			);
			name = InfoPlist.strings;
			sourceTree = "<group>";
		};
		B3EE26BF1940000500964808 /* Credits.rtf */ = {
			isa = PBXVariantGroup;
			children = (
				B3EE26C01940000500964808 /* en */,
			);
			name = Credits.rtf;
			sourceTree = "<group>";
		};
		B3EE26C51940000500964808 /* MainMenu.xib */ = {
			isa = PBXVariantGroup;
			children = (
				B3EE26C61940000500964808 /* Base */,
			);
			name = MainMenu.xib;
			sourceTree = "<group>";
		};
		B3EE26D71940000500964808 /* InfoPlist.strings */ = {
			isa = PBXVariantGroup;
			children = (
				B3EE26D81940000500964808 /* en */,
			);
			name = InfoPlist.strings;
			sourceTree = "<group>";
		};
/* End PBXVariantGroup section */

/* Begin XCBuildConfiguration section */
		B3EE26DC1940000500964808 /* Debug */ = {
			isa = XCBuildConfiguration;
			buildSettings = {
				ALWAYS_SEARCH_USER_PATHS = NO;
				CLANG_CXX_LANGUAGE_STANDARD = "gnu++0x";
				CLANG_CXX_LIBRARY = "libc++";
				CLANG_ENABLE_MODULES = YES;
				CLANG_ENABLE_OBJC_ARC = YES;
				CLANG_WARN_BOOL_CONVERSION = YES;
				CLANG_WARN_CONSTANT_CONVERSION = YES;
				CLANG_WARN_DIRECT_OBJC_ISA_USAGE = YES_ERROR;
				CLANG_WARN_EMPTY_BODY = YES;
				CLANG_WARN_ENUM_CONVERSION = YES;
				CLANG_WARN_INT_CONVERSION = YES;
				CLANG_WARN_OBJC_ROOT_CLASS = YES_ERROR;
				CLANG_WARN__DUPLICATE_METHOD_MATCH = YES;
				COPY_PHASE_STRIP = NO;
				GCC_C_LANGUAGE_STANDARD = gnu99;
				GCC_DYNAMIC_NO_PIC = NO;
				GCC_ENABLE_OBJC_EXCEPTIONS = YES;
				GCC_OPTIMIZATION_LEVEL = 0;
				GCC_PREPROCESSOR_DEFINITIONS = (
					"DEBUG=1",
					"$(inherited)",
				);
				GCC_SYMBOLS_PRIVATE_EXTERN = NO;
				GCC_WARN_64_TO_32_BIT_CONVERSION = YES;
				GCC_WARN_ABOUT_RETURN_TYPE = YES_ERROR;
				GCC_WARN_UNDECLARED_SELECTOR = YES;
				GCC_WARN_UNINITIALIZED_AUTOS = YES_AGGRESSIVE;
				GCC_WARN_UNUSED_FUNCTION = YES;
				GCC_WARN_UNUSED_VARIABLE = YES;
				MACOSX_DEPLOYMENT_TARGET = 10.9;
				ONLY_ACTIVE_ARCH = YES;
				SDKROOT = macosx;
			};
			name = Debug;
		};
		B3EE26DD1940000500964808 /* Release */ = {
			isa = XCBuildConfiguration;
			buildSettings = {
				ALWAYS_SEARCH_USER_PATHS = NO;
				CLANG_CXX_LANGUAGE_STANDARD = "gnu++0x";
				CLANG_CXX_LIBRARY = "libc++";
				CLANG_ENABLE_MODULES = YES;
				CLANG_ENABLE_OBJC_ARC = YES;
				CLANG_WARN_BOOL_CONVERSION = YES;
				CLANG_WARN_CONSTANT_CONVERSION = YES;
				CLANG_WARN_DIRECT_OBJC_ISA_USAGE = YES_ERROR;
				CLANG_WARN_EMPTY_BODY = YES;
				CLANG_WARN_ENUM_CONVERSION = YES;
				CLANG_WARN_INT_CONVERSION = YES;
				CLANG_WARN_OBJC_ROOT_CLASS = YES_ERROR;
				CLANG_WARN__DUPLICATE_METHOD_MATCH = YES;
				COPY_PHASE_STRIP = YES;
				DEBUG_INFORMATION_FORMAT = "dwarf-with-dsym";
				ENABLE_NS_ASSERTIONS = NO;
				GCC_C_LANGUAGE_STANDARD = gnu99;
				GCC_ENABLE_OBJC_EXCEPTIONS = YES;
				GCC_WARN_64_TO_32_BIT_CONVERSION = YES;
				GCC_WARN_ABOUT_RETURN_TYPE = YES_ERROR;
				GCC_WARN_UNDECLARED_SELECTOR = YES;
				GCC_WARN_UNINITIALIZED_AUTOS = YES_AGGRESSIVE;
				GCC_WARN_UNUSED_FUNCTION = YES;
				GCC_WARN_UNUSED_VARIABLE = YES;
				MACOSX_DEPLOYMENT_TARGET = 10.9;
				SDKROOT = macosx;
			};
			name = Release;
		};
		B3EE26DF1940000500964808 /* Debug */ = {
			isa = XCBuildConfiguration;
			buildSettings = {
				ASSETCATALOG_COMPILER_APPICON_NAME = AppIcon;
				COMBINE_HIDPI_IMAGES = YES;
				GCC_PRECOMPILE_PREFIX_HEADER = YES;
				GCC_PREFIX_HEADER = "ExampleMacApp/ExampleMacApp-Prefix.pch";
				INFOPLIST_FILE = "ExampleMacApp/ExampleMacApp-Info.plist";
				PRODUCT_NAME = "$(TARGET_NAME)";
				WRAPPER_EXTENSION = app;
			};
			name = Debug;
		};
		B3EE26E01940000500964808 /* Release */ = {
			isa = XCBuildConfiguration;
			buildSettings = {
				ASSETCATALOG_COMPILER_APPICON_NAME = AppIcon;
				COMBINE_HIDPI_IMAGES = YES;
				GCC_PRECOMPILE_PREFIX_HEADER = YES;
				GCC_PREFIX_HEADER = "ExampleMacApp/ExampleMacApp-Prefix.pch";
				INFOPLIST_FILE = "ExampleMacApp/ExampleMacApp-Info.plist";
				PRODUCT_NAME = "$(TARGET_NAME)";
				WRAPPER_EXTENSION = app;
			};
			name = Release;
		};
		B3EE26E21940000500964808 /* Debug */ = {
			isa = XCBuildConfiguration;
			buildSettings = {
				BUNDLE_LOADER = "$(BUILT_PRODUCTS_DIR)/ExampleMacApp.app/Contents/MacOS/ExampleMacApp";
				COMBINE_HIDPI_IMAGES = YES;
				FRAMEWORK_SEARCH_PATHS = (
					"$(DEVELOPER_FRAMEWORKS_DIR)",
					"$(inherited)",
				);
				GCC_PRECOMPILE_PREFIX_HEADER = YES;
				GCC_PREFIX_HEADER = "ExampleMacApp/ExampleMacApp-Prefix.pch";
				GCC_PREPROCESSOR_DEFINITIONS = (
					"DEBUG=1",
					"$(inherited)",
				);
				INFOPLIST_FILE = "ExampleMacAppTests/ExampleMacAppTests-Info.plist";
				PRODUCT_NAME = "$(TARGET_NAME)";
				TEST_HOST = "$(BUNDLE_LOADER)";
				WRAPPER_EXTENSION = xctest;
			};
			name = Debug;
		};
		B3EE26E31940000500964808 /* Release */ = {
			isa = XCBuildConfiguration;
			buildSettings = {
				BUNDLE_LOADER = "$(BUILT_PRODUCTS_DIR)/ExampleMacApp.app/Contents/MacOS/ExampleMacApp";
				COMBINE_HIDPI_IMAGES = YES;
				FRAMEWORK_SEARCH_PATHS = (
					"$(DEVELOPER_FRAMEWORKS_DIR)",
					"$(inherited)",
				);
				GCC_PRECOMPILE_PREFIX_HEADER = YES;
				GCC_PREFIX_HEADER = "ExampleMacApp/ExampleMacApp-Prefix.pch";
				INFOPLIST_FILE = "ExampleMacAppTests/ExampleMacAppTests-Info.plist";
				PRODUCT_NAME = "$(TARGET_NAME)";
				TEST_HOST = "$(BUNDLE_LOADER)";
				WRAPPER_EXTENSION = xctest;
			};
			name = Release;
		};
/* End XCBuildConfiguration section */

/* Begin XCConfigurationList section */
		B3EE26A81940000500964808 /* Build configuration list for PBXProject "ExampleMacApp" */ = {
			isa = XCConfigurationList;
			buildConfigurations = (
				B3EE26DC1940000500964808 /* Debug */,
				B3EE26DD1940000500964808 /* Release */,
			);
			defaultConfigurationIsVisible = 0;
			defaultConfigurationName = Release;
		};
		B3EE26DE1940000500964808 /* Build configuration list for PBXNativeTarget "ExampleMacApp" */ = {
			isa = XCConfigurationList;
			buildConfigurations = (
				B3EE26DF1940000500964808 /* Debug */,
				B3EE26E01940000500964808 /* Release */,
			);
			defaultConfigurationIsVisible = 0;
		};
		B3EE26E11940000500964808 /* Build configuration list for PBXNativeTarget "ExampleMacAppTests" */ = {
			isa = XCConfigurationList;
			buildConfigurations = (
				B3EE26E21940000500964808 /* Debug */,
				B3EE26E31940000500964808 /* Release */,
			);
			defaultConfigurationIsVisible = 0;
		};
/* End XCConfigurationList section */
	};
	rootObject = B3EE26A51940000500964808 /* Project object */;
}
